
Microsoft Visual Studio Solution File, Format Version 12.00
# Visual Studio 15
VisualStudioVersion = 15.0.28307.136
MinimumVisualStudioVersion = 10.0.40219.1
Project("{FAE04EC0-301F-11D3-BF4B-00C04F79EFBC}") = "App01_ConsultarCEP.Android", "App01_ConsultarCEP\App01_ConsultarCEP.Android\App01_ConsultarCEP.Android.csproj", "{9E8EB35C-EE43-4914-B522-AD7BC1BF9A94}"
EndProject
Project("{FAE04EC0-301F-11D3-BF4B-00C04F79EFBC}") = "App01_ConsultarCEP.iOS", "App01_ConsultarCEP\App01_ConsultarCEP.iOS\App01_ConsultarCEP.iOS.csproj", "{D9EEBEC2-6BDA-47AA-9493-9F2F60210DE3}"
EndProject
Project("{FAE04EC0-301F-11D3-BF4B-00C04F79EFBC}") = "App01_ConsultarCEP.UWP", "App01_ConsultarCEP\App01_ConsultarCEP.UWP\App01_ConsultarCEP.UWP.csproj", "{88A5C017-0898-418C-B62E-DA954CB2713F}"
EndProject
Project("{FAE04EC0-301F-11D3-BF4B-00C04F79EFBC}") = "App01_ConsultarCEP", "App01_ConsultarCEP\App01_ConsultarCEP\App01_ConsultarCEP.csproj", "{7A0B431B-F2C9-4E67-9BF0-44ED3ECBB66A}"
EndProject
Global
	GlobalSection(SolutionConfigurationPlatforms) = preSolution
		Ad-Hoc|Any CPU = Ad-Hoc|Any CPU
		Ad-Hoc|ARM = Ad-Hoc|ARM
		Ad-Hoc|iPhone = Ad-Hoc|iPhone
		Ad-Hoc|iPhoneSimulator = Ad-Hoc|iPhoneSimulator
		Ad-Hoc|x64 = Ad-Hoc|x64
		Ad-Hoc|x86 = Ad-Hoc|x86
		AppStore|Any CPU = AppStore|Any CPU
		AppStore|ARM = AppStore|ARM
		AppStore|iPhone = AppStore|iPhone
		AppStore|iPhoneSimulator = AppStore|iPhoneSimulator
		AppStore|x64 = AppStore|x64
		AppStore|x86 = AppStore|x86
		Debug|Any CPU = Debug|Any CPU
		Debug|ARM = Debug|ARM
		Debug|iPhone = Debug|iPhone
		Debug|iPhoneSimulator = Debug|iPhoneSimulator
		Debug|x64 = Debug|x64
		Debug|x86 = Debug|x86
		Release|Any CPU = Release|Any CPU
		Release|ARM = Release|ARM
		Release|iPhone = Release|iPhone
		Release|iPhoneSimulator = Release|iPhoneSimulator
		Release|x64 = Release|x64
		Release|x86 = Release|x86
	EndGlobalSection
	GlobalSection(ProjectConfigurationPlatforms) = postSolution
		{9E8EB35C-EE43-4914-B522-AD7BC1BF9A94}.Ad-Hoc|Any CPU.ActiveCfg = Release|Any CPU
		{9E8EB35C-EE43-4914-B522-AD7BC1BF9A94}.Ad-Hoc|Any CPU.Build.0 = Release|Any CPU
		{9E8EB35C-EE43-4914-B522-AD7BC1BF9A94}.Ad-Hoc|Any CPU.Deploy.0 = Release|Any CPU
		{9E8EB35C-EE43-4914-B522-AD7BC1BF9A94}.Ad-Hoc|ARM.ActiveCfg = Release|Any CPU
		{9E8EB35C-EE43-4914-B522-AD7BC1BF9A94}.Ad-Hoc|ARM.Build.0 = Release|Any CPU
		{9E8EB35C-EE43-4914-B522-AD7BC1BF9A94}.Ad-Hoc|ARM.Deploy.0 = Release|Any CPU
		{9E8EB35C-EE43-4914-B522-AD7BC1BF9A94}.Ad-Hoc|iPhone.ActiveCfg = Release|Any CPU
		{9E8EB35C-EE43-4914-B522-AD7BC1BF9A94}.Ad-Hoc|iPhone.Build.0 = Release|Any CPU
		{9E8EB35C-EE43-4914-B522-AD7BC1BF9A94}.Ad-Hoc|iPhone.Deploy.0 = Release|Any CPU
		{9E8EB35C-EE43-4914-B522-AD7BC1BF9A94}.Ad-Hoc|iPhoneSimulator.ActiveCfg = Release|Any CPU
		{9E8EB35C-EE43-4914-B522-AD7BC1BF9A94}.Ad-Hoc|iPhoneSimulator.Build.0 = Release|Any CPU
		{9E8EB35C-EE43-4914-B522-AD7BC1BF9A94}.Ad-Hoc|iPhoneSimulator.Deploy.0 = Release|Any CPU
		{9E8EB35C-EE43-4914-B522-AD7BC1BF9A94}.Ad-Hoc|x64.ActiveCfg = Release|Any CPU
		{9E8EB35C-EE43-4914-B522-AD7BC1BF9A94}.Ad-Hoc|x64.Build.0 = Release|Any CPU
		{9E8EB35C-EE43-4914-B522-AD7BC1BF9A94}.Ad-Hoc|x64.Deploy.0 = Release|Any CPU
		{9E8EB35C-EE43-4914-B522-AD7BC1BF9A94}.Ad-Hoc|x86.ActiveCfg = Release|Any CPU
		{9E8EB35C-EE43-4914-B522-AD7BC1BF9A94}.Ad-Hoc|x86.Build.0 = Release|Any CPU
		{9E8EB35C-EE43-4914-B522-AD7BC1BF9A94}.Ad-Hoc|x86.Deploy.0 = Release|Any CPU
		{9E8EB35C-EE43-4914-B522-AD7BC1BF9A94}.AppStore|Any CPU.ActiveCfg = Release|Any CPU
		{9E8EB35C-EE43-4914-B522-AD7BC1BF9A94}.AppStore|Any CPU.Build.0 = Release|Any CPU
		{9E8EB35C-EE43-4914-B522-AD7BC1BF9A94}.AppStore|Any CPU.Deploy.0 = Release|Any CPU
		{9E8EB35C-EE43-4914-B522-AD7BC1BF9A94}.AppStore|ARM.ActiveCfg = Release|Any CPU
		{9E8EB35C-EE43-4914-B522-AD7BC1BF9A94}.AppStore|ARM.Build.0 = Release|Any CPU
		{9E8EB35C-EE43-4914-B522-AD7BC1BF9A94}.AppStore|ARM.Deploy.0 = Release|Any CPU
		{9E8EB35C-EE43-4914-B522-AD7BC1BF9A94}.AppStore|iPhone.ActiveCfg = Release|Any CPU
		{9E8EB35C-EE43-4914-B522-AD7BC1BF9A94}.AppStore|iPhone.Build.0 = Release|Any CPU
		{9E8EB35C-EE43-4914-B522-AD7BC1BF9A94}.AppStore|iPhone.Deploy.0 = Release|Any CPU
		{9E8EB35C-EE43-4914-B522-AD7BC1BF9A94}.AppStore|iPhoneSimulator.ActiveCfg = Release|Any CPU
		{9E8EB35C-EE43-4914-B522-AD7BC1BF9A94}.AppStore|iPhoneSimulator.Build.0 = Release|Any CPU
		{9E8EB35C-EE43-4914-B522-AD7BC1BF9A94}.AppStore|iPhoneSimulator.Deploy.0 = Release|Any CPU
		{9E8EB35C-EE43-4914-B522-AD7BC1BF9A94}.AppStore|x64.ActiveCfg = Release|Any CPU
		{9E8EB35C-EE43-4914-B522-AD7BC1BF9A94}.AppStore|x64.Build.0 = Release|Any CPU
		{9E8EB35C-EE43-4914-B522-AD7BC1BF9A94}.AppStore|x64.Deploy.0 = Release|Any CPU
		{9E8EB35C-EE43-4914-B522-AD7BC1BF9A94}.AppStore|x86.ActiveCfg = Release|Any CPU
		{9E8EB35C-EE43-4914-B522-AD7BC1BF9A94}.AppStore|x86.Build.0 = Release|Any CPU
		{9E8EB35C-EE43-4914-B522-AD7BC1BF9A94}.AppStore|x86.Deploy.0 = Release|Any CPU
		{9E8EB35C-EE43-4914-B522-AD7BC1BF9A94}.Debug|Any CPU.ActiveCfg = Debug|Any CPU
		{9E8EB35C-EE43-4914-B522-AD7BC1BF9A94}.Debug|Any CPU.Build.0 = Debug|Any CPU
		{9E8EB35C-EE43-4914-B522-AD7BC1BF9A94}.Debug|Any CPU.Deploy.0 = Debug|Any CPU
		{9E8EB35C-EE43-4914-B522-AD7BC1BF9A94}.Debug|ARM.ActiveCfg = Debug|Any CPU
		{9E8EB35C-EE43-4914-B522-AD7BC1BF9A94}.Debug|ARM.Build.0 = Debug|Any CPU
		{9E8EB35C-EE43-4914-B522-AD7BC1BF9A94}.Debug|ARM.Deploy.0 = Debug|Any CPU
		{9E8EB35C-EE43-4914-B522-AD7BC1BF9A94}.Debug|iPhone.ActiveCfg = Debug|Any CPU
		{9E8EB35C-EE43-4914-B522-AD7BC1BF9A94}.Debug|iPhone.Build.0 = Debug|Any CPU
		{9E8EB35C-EE43-4914-B522-AD7BC1BF9A94}.Debug|iPhone.Deploy.0 = Debug|Any CPU
		{9E8EB35C-EE43-4914-B522-AD7BC1BF9A94}.Debug|iPhoneSimulator.ActiveCfg = Debug|Any CPU
		{9E8EB35C-EE43-4914-B522-AD7BC1BF9A94}.Debug|iPhoneSimulator.Build.0 = Debug|Any CPU
		{9E8EB35C-EE43-4914-B522-AD7BC1BF9A94}.Debug|iPhoneSimulator.Deploy.0 = Debug|Any CPU
		{9E8EB35C-EE43-4914-B522-AD7BC1BF9A94}.Debug|x64.ActiveCfg = Debug|Any CPU
		{9E8EB35C-EE43-4914-B522-AD7BC1BF9A94}.Debug|x64.Build.0 = Debug|Any CPU
		{9E8EB35C-EE43-4914-B522-AD7BC1BF9A94}.Debug|x64.Deploy.0 = Debug|Any CPU
		{9E8EB35C-EE43-4914-B522-AD7BC1BF9A94}.Debug|x86.ActiveCfg = Debug|Any CPU
		{9E8EB35C-EE43-4914-B522-AD7BC1BF9A94}.Debug|x86.Build.0 = Debug|Any CPU
		{9E8EB35C-EE43-4914-B522-AD7BC1BF9A94}.Debug|x86.Deploy.0 = Debug|Any CPU
		{9E8EB35C-EE43-4914-B522-AD7BC1BF9A94}.Release|Any CPU.ActiveCfg = Release|Any CPU
		{9E8EB35C-EE43-4914-B522-AD7BC1BF9A94}.Release|Any CPU.Build.0 = Release|Any CPU
		{9E8EB35C-EE43-4914-B522-AD7BC1BF9A94}.Release|Any CPU.Deploy.0 = Release|Any CPU
		{9E8EB35C-EE43-4914-B522-AD7BC1BF9A94}.Release|ARM.ActiveCfg = Release|Any CPU
		{9E8EB35C-EE43-4914-B522-AD7BC1BF9A94}.Release|ARM.Build.0 = Release|Any CPU
		{9E8EB35C-EE43-4914-B522-AD7BC1BF9A94}.Release|ARM.Deploy.0 = Release|Any CPU
		{9E8EB35C-EE43-4914-B522-AD7BC1BF9A94}.Release|iPhone.ActiveCfg = Release|Any CPU
		{9E8EB35C-EE43-4914-B522-AD7BC1BF9A94}.Release|iPhone.Build.0 = Release|Any CPU
		{9E8EB35C-EE43-4914-B522-AD7BC1BF9A94}.Release|iPhone.Deploy.0 = Release|Any CPU
		{9E8EB35C-EE43-4914-B522-AD7BC1BF9A94}.Release|iPhoneSimulator.ActiveCfg = Release|Any CPU
		{9E8EB35C-EE43-4914-B522-AD7BC1BF9A94}.Release|iPhoneSimulator.Build.0 = Release|Any CPU
		{9E8EB35C-EE43-4914-B522-AD7BC1BF9A94}.Release|iPhoneSimulator.Deploy.0 = Release|Any CPU
		{9E8EB35C-EE43-4914-B522-AD7BC1BF9A94}.Release|x64.ActiveCfg = Release|Any CPU
		{9E8EB35C-EE43-4914-B522-AD7BC1BF9A94}.Release|x64.Build.0 = Release|Any CPU
		{9E8EB35C-EE43-4914-B522-AD7BC1BF9A94}.Release|x64.Deploy.0 = Release|Any CPU
		{9E8EB35C-EE43-4914-B522-AD7BC1BF9A94}.Release|x86.ActiveCfg = Release|Any CPU
		{9E8EB35C-EE43-4914-B522-AD7BC1BF9A94}.Release|x86.Build.0 = Release|Any CPU
		{9E8EB35C-EE43-4914-B522-AD7BC1BF9A94}.Release|x86.Deploy.0 = Release|Any CPU
		{D9EEBEC2-6BDA-47AA-9493-9F2F60210DE3}.Ad-Hoc|Any CPU.ActiveCfg = Ad-Hoc|iPhone
		{D9EEBEC2-6BDA-47AA-9493-9F2F60210DE3}.Ad-Hoc|Any CPU.Build.0 = Ad-Hoc|iPhone
		{D9EEBEC2-6BDA-47AA-9493-9F2F60210DE3}.Ad-Hoc|Any CPU.Deploy.0 = Ad-Hoc|iPhone
		{D9EEBEC2-6BDA-47AA-9493-9F2F60210DE3}.Ad-Hoc|ARM.ActiveCfg = Ad-Hoc|iPhone
		{D9EEBEC2-6BDA-47AA-9493-9F2F60210DE3}.Ad-Hoc|ARM.Build.0 = Ad-Hoc|iPhone
		{D9EEBEC2-6BDA-47AA-9493-9F2F60210DE3}.Ad-Hoc|ARM.Deploy.0 = Ad-Hoc|iPhone
		{D9EEBEC2-6BDA-47AA-9493-9F2F60210DE3}.Ad-Hoc|iPhone.ActiveCfg = Ad-Hoc|iPhone
		{D9EEBEC2-6BDA-47AA-9493-9F2F60210DE3}.Ad-Hoc|iPhone.Build.0 = Ad-Hoc|iPhone
		{D9EEBEC2-6BDA-47AA-9493-9F2F60210DE3}.Ad-Hoc|iPhone.Deploy.0 = Ad-Hoc|iPhone
		{D9EEBEC2-6BDA-47AA-9493-9F2F60210DE3}.Ad-Hoc|iPhoneSimulator.ActiveCfg = Ad-Hoc|iPhoneSimulator
		{D9EEBEC2-6BDA-47AA-9493-9F2F60210DE3}.Ad-Hoc|iPhoneSimulator.Build.0 = Ad-Hoc|iPhoneSimulator
		{D9EEBEC2-6BDA-47AA-9493-9F2F60210DE3}.Ad-Hoc|iPhoneSimulator.Deploy.0 = Ad-Hoc|iPhoneSimulator
		{D9EEBEC2-6BDA-47AA-9493-9F2F60210DE3}.Ad-Hoc|x64.ActiveCfg = Ad-Hoc|iPhone
		{D9EEBEC2-6BDA-47AA-9493-9F2F60210DE3}.Ad-Hoc|x64.Build.0 = Ad-Hoc|iPhone
		{D9EEBEC2-6BDA-47AA-9493-9F2F60210DE3}.Ad-Hoc|x64.Deploy.0 = Ad-Hoc|iPhone
		{D9EEBEC2-6BDA-47AA-9493-9F2F60210DE3}.Ad-Hoc|x86.ActiveCfg = Ad-Hoc|iPhone
		{D9EEBEC2-6BDA-47AA-9493-9F2F60210DE3}.Ad-Hoc|x86.Build.0 = Ad-Hoc|iPhone
		{D9EEBEC2-6BDA-47AA-9493-9F2F60210DE3}.Ad-Hoc|x86.Deploy.0 = Ad-Hoc|iPhone
		{D9EEBEC2-6BDA-47AA-9493-9F2F60210DE3}.AppStore|Any CPU.ActiveCfg = AppStore|iPhone
		{D9EEBEC2-6BDA-47AA-9493-9F2F60210DE3}.AppStore|Any CPU.Build.0 = AppStore|iPhone
		{D9EEBEC2-6BDA-47AA-9493-9F2F60210DE3}.AppStore|Any CPU.Deploy.0 = AppStore|iPhone
		{D9EEBEC2-6BDA-47AA-9493-9F2F60210DE3}.AppStore|ARM.ActiveCfg = AppStore|iPhone
		{D9EEBEC2-6BDA-47AA-9493-9F2F60210DE3}.AppStore|ARM.Build.0 = AppStore|iPhone
		{D9EEBEC2-6BDA-47AA-9493-9F2F60210DE3}.AppStore|ARM.Deploy.0 = AppStore|iPhone
		{D9EEBEC2-6BDA-47AA-9493-9F2F60210DE3}.AppStore|iPhone.ActiveCfg = AppStore|iPhone
		{D9EEBEC2-6BDA-47AA-9493-9F2F60210DE3}.AppStore|iPhone.Build.0 = AppStore|iPhone
		{D9EEBEC2-6BDA-47AA-9493-9F2F60210DE3}.AppStore|iPhone.Deploy.0 = AppStore|iPhone
		{D9EEBEC2-6BDA-47AA-9493-9F2F60210DE3}.AppStore|iPhoneSimulator.ActiveCfg = AppStore|iPhoneSimulator
		{D9EEBEC2-6BDA-47AA-9493-9F2F60210DE3}.AppStore|iPhoneSimulator.Build.0 = AppStore|iPhoneSimulator
		{D9EEBEC2-6BDA-47AA-9493-9F2F60210DE3}.AppStore|iPhoneSimulator.Deploy.0 = AppStore|iPhoneSimulator
		{D9EEBEC2-6BDA-47AA-9493-9F2F60210DE3}.AppStore|x64.ActiveCfg = AppStore|iPhone
		{D9EEBEC2-6BDA-47AA-9493-9F2F60210DE3}.AppStore|x64.Build.0 = AppStore|iPhone
		{D9EEBEC2-6BDA-47AA-9493-9F2F60210DE3}.AppStore|x64.Deploy.0 = AppStore|iPhone
		{D9EEBEC2-6BDA-47AA-9493-9F2F60210DE3}.AppStore|x86.ActiveCfg = AppStore|iPhone
		{D9EEBEC2-6BDA-47AA-9493-9F2F60210DE3}.AppStore|x86.Build.0 = AppStore|iPhone
		{D9EEBEC2-6BDA-47AA-9493-9F2F60210DE3}.AppStore|x86.Deploy.0 = AppStore|iPhone
		{D9EEBEC2-6BDA-47AA-9493-9F2F60210DE3}.Debug|Any CPU.ActiveCfg = Debug|iPhoneSimulator
		{D9EEBEC2-6BDA-47AA-9493-9F2F60210DE3}.Debug|Any CPU.Build.0 = Debug|iPhoneSimulator
		{D9EEBEC2-6BDA-47AA-9493-9F2F60210DE3}.Debug|Any CPU.Deploy.0 = Debug|iPhoneSimulator
		{D9EEBEC2-6BDA-47AA-9493-9F2F60210DE3}.Debug|ARM.ActiveCfg = Debug|iPhone
		{D9EEBEC2-6BDA-47AA-9493-9F2F60210DE3}.Debug|ARM.Build.0 = Debug|iPhone
		{D9EEBEC2-6BDA-47AA-9493-9F2F60210DE3}.Debug|ARM.Deploy.0 = Debug|iPhone
		{D9EEBEC2-6BDA-47AA-9493-9F2F60210DE3}.Debug|iPhone.ActiveCfg = Debug|iPhone
		{D9EEBEC2-6BDA-47AA-9493-9F2F60210DE3}.Debug|iPhone.Build.0 = Debug|iPhone
		{D9EEBEC2-6BDA-47AA-9493-9F2F60210DE3}.Debug|iPhone.Deploy.0 = Debug|iPhone
		{D9EEBEC2-6BDA-47AA-9493-9F2F60210DE3}.Debug|iPhoneSimulator.ActiveCfg = Debug|iPhoneSimulator
		{D9EEBEC2-6BDA-47AA-9493-9F2F60210DE3}.Debug|iPhoneSimulator.Build.0 = Debug|iPhoneSimulator
		{D9EEBEC2-6BDA-47AA-9493-9F2F60210DE3}.Debug|iPhoneSimulator.Deploy.0 = Debug|iPhoneSimulator
		{D9EEBEC2-6BDA-47AA-9493-9F2F60210DE3}.Debug|x64.ActiveCfg = Debug|iPhone
		{D9EEBEC2-6BDA-47AA-9493-9F2F60210DE3}.Debug|x64.Build.0 = Debug|iPhone
		{D9EEBEC2-6BDA-47AA-9493-9F2F60210DE3}.Debug|x64.Deploy.0 = Debug|iPhone
		{D9EEBEC2-6BDA-47AA-9493-9F2F60210DE3}.Debug|x86.ActiveCfg = Debug|iPhone
		{D9EEBEC2-6BDA-47AA-9493-9F2F60210DE3}.Debug|x86.Build.0 = Debug|iPhone
		{D9EEBEC2-6BDA-47AA-9493-9F2F60210DE3}.Debug|x86.Deploy.0 = Debug|iPhone
		{D9EEBEC2-6BDA-47AA-9493-9F2F60210DE3}.Release|Any CPU.ActiveCfg = Release|iPhone
		{D9EEBEC2-6BDA-47AA-9493-9F2F60210DE3}.Release|Any CPU.Build.0 = Release|iPhone
		{D9EEBEC2-6BDA-47AA-9493-9F2F60210DE3}.Release|Any CPU.Deploy.0 = Release|iPhone
		{D9EEBEC2-6BDA-47AA-9493-9F2F60210DE3}.Release|ARM.ActiveCfg = Release|iPhone
		{D9EEBEC2-6BDA-47AA-9493-9F2F60210DE3}.Release|ARM.Build.0 = Release|iPhone
		{D9EEBEC2-6BDA-47AA-9493-9F2F60210DE3}.Release|ARM.Deploy.0 = Release|iPhone
		{D9EEBEC2-6BDA-47AA-9493-9F2F60210DE3}.Release|iPhone.ActiveCfg = Release|iPhone
		{D9EEBEC2-6BDA-47AA-9493-9F2F60210DE3}.Release|iPhone.Build.0 = Release|iPhone
		{D9EEBEC2-6BDA-47AA-9493-9F2F60210DE3}.Release|iPhone.Deploy.0 = Release|iPhone
		{D9EEBEC2-6BDA-47AA-9493-9F2F60210DE3}.Release|iPhoneSimulator.ActiveCfg = Release|iPhoneSimulator
		{D9EEBEC2-6BDA-47AA-9493-9F2F60210DE3}.Release|iPhoneSimulator.Build.0 = Release|iPhoneSimulator
		{D9EEBEC2-6BDA-47AA-9493-9F2F60210DE3}.Release|iPhoneSimulator.Deploy.0 = Release|iPhoneSimulator
		{D9EEBEC2-6BDA-47AA-9493-9F2F60210DE3}.Release|x64.ActiveCfg = Release|iPhone
		{D9EEBEC2-6BDA-47AA-9493-9F2F60210DE3}.Release|x64.Build.0 = Release|iPhone
		{D9EEBEC2-6BDA-47AA-9493-9F2F60210DE3}.Release|x64.Deploy.0 = Release|iPhone
		{D9EEBEC2-6BDA-47AA-9493-9F2F60210DE3}.Release|x86.ActiveCfg = Release|iPhone
		{D9EEBEC2-6BDA-47AA-9493-9F2F60210DE3}.Release|x86.Build.0 = Release|iPhone
		{D9EEBEC2-6BDA-47AA-9493-9F2F60210DE3}.Release|x86.Deploy.0 = Release|iPhone
		{88A5C017-0898-418C-B62E-DA954CB2713F}.Ad-Hoc|Any CPU.ActiveCfg = Release|x86
		{88A5C017-0898-418C-B62E-DA954CB2713F}.Ad-Hoc|Any CPU.Build.0 = Release|x86
		{88A5C017-0898-418C-B62E-DA954CB2713F}.Ad-Hoc|Any CPU.Deploy.0 = Release|x86
		{88A5C017-0898-418C-B62E-DA954CB2713F}.Ad-Hoc|ARM.ActiveCfg = Release|ARM
		{88A5C017-0898-418C-B62E-DA954CB2713F}.Ad-Hoc|ARM.Build.0 = Release|ARM
		{88A5C017-0898-418C-B62E-DA954CB2713F}.Ad-Hoc|ARM.Deploy.0 = Release|ARM
		{88A5C017-0898-418C-B62E-DA954CB2713F}.Ad-Hoc|iPhone.ActiveCfg = Release|x86
		{88A5C017-0898-418C-B62E-DA954CB2713F}.Ad-Hoc|iPhone.Build.0 = Release|x86
		{88A5C017-0898-418C-B62E-DA954CB2713F}.Ad-Hoc|iPhone.Deploy.0 = Release|x86
		{88A5C017-0898-418C-B62E-DA954CB2713F}.Ad-Hoc|iPhoneSimulator.ActiveCfg = Release|x86
		{88A5C017-0898-418C-B62E-DA954CB2713F}.Ad-Hoc|iPhoneSimulator.Build.0 = Release|x86
		{88A5C017-0898-418C-B62E-DA954CB2713F}.Ad-Hoc|iPhoneSimulator.Deploy.0 = Release|x86
		{88A5C017-0898-418C-B62E-DA954CB2713F}.Ad-Hoc|x64.ActiveCfg = Release|x64
		{88A5C017-0898-418C-B62E-DA954CB2713F}.Ad-Hoc|x64.Build.0 = Release|x64
		{88A5C017-0898-418C-B62E-DA954CB2713F}.Ad-Hoc|x64.Deploy.0 = Release|x64
		{88A5C017-0898-418C-B62E-DA954CB2713F}.Ad-Hoc|x86.ActiveCfg = Release|x86
		{88A5C017-0898-418C-B62E-DA954CB2713F}.Ad-Hoc|x86.Build.0 = Release|x86
		{88A5C017-0898-418C-B62E-DA954CB2713F}.Ad-Hoc|x86.Deploy.0 = Release|x86
		{88A5C017-0898-418C-B62E-DA954CB2713F}.AppStore|Any CPU.ActiveCfg = Release|x86
		{88A5C017-0898-418C-B62E-DA954CB2713F}.AppStore|Any CPU.Build.0 = Release|x86
		{88A5C017-0898-418C-B62E-DA954CB2713F}.AppStore|Any CPU.Deploy.0 = Release|x86
		{88A5C017-0898-418C-B62E-DA954CB2713F}.AppStore|ARM.ActiveCfg = Release|ARM
		{88A5C017-0898-418C-B62E-DA954CB2713F}.AppStore|ARM.Build.0 = Release|ARM
		{88A5C017-0898-418C-B62E-DA954CB2713F}.AppStore|ARM.Deploy.0 = Release|ARM
		{88A5C017-0898-418C-B62E-DA954CB2713F}.AppStore|iPhone.ActiveCfg = Release|x86
		{88A5C017-0898-418C-B62E-DA954CB2713F}.AppStore|iPhone.Build.0 = Release|x86
		{88A5C017-0898-418C-B62E-DA954CB2713F}.AppStore|iPhone.Deploy.0 = Release|x86
		{88A5C017-0898-418C-B62E-DA954CB2713F}.AppStore|iPhoneSimulator.ActiveCfg = Release|x86
		{88A5C017-0898-418C-B62E-DA954CB2713F}.AppStore|iPhoneSimulator.Build.0 = Release|x86
		{88A5C017-0898-418C-B62E-DA954CB2713F}.AppStore|iPhoneSimulator.Deploy.0 = Release|x86
		{88A5C017-0898-418C-B62E-DA954CB2713F}.AppStore|x64.ActiveCfg = Release|x64
		{88A5C017-0898-418C-B62E-DA954CB2713F}.AppStore|x64.Build.0 = Release|x64
		{88A5C017-0898-418C-B62E-DA954CB2713F}.AppStore|x64.Deploy.0 = Release|x64
		{88A5C017-0898-418C-B62E-DA954CB2713F}.AppStore|x86.ActiveCfg = Release|x86
		{88A5C017-0898-418C-B62E-DA954CB2713F}.AppStore|x86.Build.0 = Release|x86
		{88A5C017-0898-418C-B62E-DA954CB2713F}.AppStore|x86.Deploy.0 = Release|x86
		{88A5C017-0898-418C-B62E-DA954CB2713F}.Debug|Any CPU.ActiveCfg = Debug|x86
		{88A5C017-0898-418C-B62E-DA954CB2713F}.Debug|Any CPU.Build.0 = Debug|x86
		{88A5C017-0898-418C-B62E-DA954CB2713F}.Debug|Any CPU.Deploy.0 = Debug|x86
		{88A5C017-0898-418C-B62E-DA954CB2713F}.Debug|ARM.ActiveCfg = Debug|ARM
		{88A5C017-0898-418C-B62E-DA954CB2713F}.Debug|ARM.Build.0 = Debug|ARM
		{88A5C017-0898-418C-B62E-DA954CB2713F}.Debug|ARM.Deploy.0 = Debug|ARM
		{88A5C017-0898-418C-B62E-DA954CB2713F}.Debug|iPhone.ActiveCfg = Debug|x86
		{88A5C017-0898-418C-B62E-DA954CB2713F}.Debug|iPhone.Build.0 = Debug|x86
		{88A5C017-0898-418C-B62E-DA954CB2713F}.Debug|iPhone.Deploy.0 = Debug|x86
		{88A5C017-0898-418C-B62E-DA954CB2713F}.Debug|iPhoneSimulator.ActiveCfg = Debug|x86
		{88A5C017-0898-418C-B62E-DA954CB2713F}.Debug|iPhoneSimulator.Build.0 = Debug|x86
		{88A5C017-0898-418C-B62E-DA954CB2713F}.Debug|iPhoneSimulator.Deploy.0 = Debug|x86
		{88A5C017-0898-418C-B62E-DA954CB2713F}.Debug|x64.ActiveCfg = Debug|x64
		{88A5C017-0898-418C-B62E-DA954CB2713F}.Debug|x64.Build.0 = Debug|x64
		{88A5C017-0898-418C-B62E-DA954CB2713F}.Debug|x64.Deploy.0 = Debug|x64
		{88A5C017-0898-418C-B62E-DA954CB2713F}.Debug|x86.ActiveCfg = Debug|x86
		{88A5C017-0898-418C-B62E-DA954CB2713F}.Debug|x86.Build.0 = Debug|x86
		{88A5C017-0898-418C-B62E-DA954CB2713F}.Debug|x86.Deploy.0 = Debug|x86
		{88A5C017-0898-418C-B62E-DA954CB2713F}.Release|Any CPU.ActiveCfg = Release|x86
		{88A5C017-0898-418C-B62E-DA954CB2713F}.Release|Any CPU.Build.0 = Release|x86
		{88A5C017-0898-418C-B62E-DA954CB2713F}.Release|Any CPU.Deploy.0 = Release|x86
		{88A5C017-0898-418C-B62E-DA954CB2713F}.Release|ARM.ActiveCfg = Release|ARM
		{88A5C017-0898-418C-B62E-DA954CB2713F}.Release|ARM.Build.0 = Release|ARM
		{88A5C017-0898-418C-B62E-DA954CB2713F}.Release|ARM.Deploy.0 = Release|ARM
		{88A5C017-0898-418C-B62E-DA954CB2713F}.Release|iPhone.ActiveCfg = Release|x86
		{88A5C017-0898-418C-B62E-DA954CB2713F}.Release|iPhone.Build.0 = Release|x86
		{88A5C017-0898-418C-B62E-DA954CB2713F}.Release|iPhone.Deploy.0 = Release|x86
		{88A5C017-0898-418C-B62E-DA954CB2713F}.Release|iPhoneSimulator.ActiveCfg = Release|x86
		{88A5C017-0898-418C-B62E-DA954CB2713F}.Release|iPhoneSimulator.Build.0 = Release|x86
		{88A5C017-0898-418C-B62E-DA954CB2713F}.Release|iPhoneSimulator.Deploy.0 = Release|x86
		{88A5C017-0898-418C-B62E-DA954CB2713F}.Release|x64.ActiveCfg = Release|x64
		{88A5C017-0898-418C-B62E-DA954CB2713F}.Release|x64.Build.0 = Release|x64
		{88A5C017-0898-418C-B62E-DA954CB2713F}.Release|x64.Deploy.0 = Release|x64
		{88A5C017-0898-418C-B62E-DA954CB2713F}.Release|x86.ActiveCfg = Release|x86
		{88A5C017-0898-418C-B62E-DA954CB2713F}.Release|x86.Build.0 = Release|x86
		{88A5C017-0898-418C-B62E-DA954CB2713F}.Release|x86.Deploy.0 = Release|x86
		{7A0B431B-F2C9-4E67-9BF0-44ED3ECBB66A}.Ad-Hoc|Any CPU.ActiveCfg = Debug|Any CPU
		{7A0B431B-F2C9-4E67-9BF0-44ED3ECBB66A}.Ad-Hoc|Any CPU.Build.0 = Debug|Any CPU
		{7A0B431B-F2C9-4E67-9BF0-44ED3ECBB66A}.Ad-Hoc|Any CPU.Deploy.0 = Debug|Any CPU
		{7A0B431B-F2C9-4E67-9BF0-44ED3ECBB66A}.Ad-Hoc|ARM.ActiveCfg = Debug|Any CPU
		{7A0B431B-F2C9-4E67-9BF0-44ED3ECBB66A}.Ad-Hoc|ARM.Build.0 = Debug|Any CPU
		{7A0B431B-F2C9-4E67-9BF0-44ED3ECBB66A}.Ad-Hoc|ARM.Deploy.0 = Debug|Any CPU
		{7A0B431B-F2C9-4E67-9BF0-44ED3ECBB66A}.Ad-Hoc|iPhone.ActiveCfg = Debug|Any CPU
		{7A0B431B-F2C9-4E67-9BF0-44ED3ECBB66A}.Ad-Hoc|iPhone.Build.0 = Debug|Any CPU
		{7A0B431B-F2C9-4E67-9BF0-44ED3ECBB66A}.Ad-Hoc|iPhone.Deploy.0 = Debug|Any CPU
		{7A0B431B-F2C9-4E67-9BF0-44ED3ECBB66A}.Ad-Hoc|iPhoneSimulator.ActiveCfg = Debug|Any CPU
		{7A0B431B-F2C9-4E67-9BF0-44ED3ECBB66A}.Ad-Hoc|iPhoneSimulator.Build.0 = Debug|Any CPU
		{7A0B431B-F2C9-4E67-9BF0-44ED3ECBB66A}.Ad-Hoc|iPhoneSimulator.Deploy.0 = Debug|Any CPU
		{7A0B431B-F2C9-4E67-9BF0-44ED3ECBB66A}.Ad-Hoc|x64.ActiveCfg = Debug|Any CPU
		{7A0B431B-F2C9-4E67-9BF0-44ED3ECBB66A}.Ad-Hoc|x64.Build.0 = Debug|Any CPU
		{7A0B431B-F2C9-4E67-9BF0-44ED3ECBB66A}.Ad-Hoc|x64.Deploy.0 = Debug|Any CPU
		{7A0B431B-F2C9-4E67-9BF0-44ED3ECBB66A}.Ad-Hoc|x86.ActiveCfg = Debug|Any CPU
		{7A0B431B-F2C9-4E67-9BF0-44ED3ECBB66A}.Ad-Hoc|x86.Build.0 = Debug|Any CPU
		{7A0B431B-F2C9-4E67-9BF0-44ED3ECBB66A}.Ad-Hoc|x86.Deploy.0 = Debug|Any CPU
		{7A0B431B-F2C9-4E67-9BF0-44ED3ECBB66A}.AppStore|Any CPU.ActiveCfg = Debug|Any CPU
		{7A0B431B-F2C9-4E67-9BF0-44ED3ECBB66A}.AppStore|Any CPU.Build.0 = Debug|Any CPU
		{7A0B431B-F2C9-4E67-9BF0-44ED3ECBB66A}.AppStore|Any CPU.Deploy.0 = Debug|Any CPU
		{7A0B431B-F2C9-4E67-9BF0-44ED3ECBB66A}.AppStore|ARM.ActiveCfg = Debug|Any CPU
		{7A0B431B-F2C9-4E67-9BF0-44ED3ECBB66A}.AppStore|ARM.Build.0 = Debug|Any CPU
		{7A0B431B-F2C9-4E67-9BF0-44ED3ECBB66A}.AppStore|ARM.Deploy.0 = Debug|Any CPU
		{7A0B431B-F2C9-4E67-9BF0-44ED3ECBB66A}.AppStore|iPhone.ActiveCfg = Debug|Any CPU
		{7A0B431B-F2C9-4E67-9BF0-44ED3ECBB66A}.AppStore|iPhone.Build.0 = Debug|Any CPU
		{7A0B431B-F2C9-4E67-9BF0-44ED3ECBB66A}.AppStore|iPhone.Deploy.0 = Debug|Any CPU
		{7A0B431B-F2C9-4E67-9BF0-44ED3ECBB66A}.AppStore|iPhoneSimulator.ActiveCfg = Debug|Any CPU
		{7A0B431B-F2C9-4E67-9BF0-44ED3ECBB66A}.AppStore|iPhoneSimulator.Build.0 = Debug|Any CPU
		{7A0B431B-F2C9-4E67-9BF0-44ED3ECBB66A}.AppStore|iPhoneSimulator.Deploy.0 = Debug|Any CPU
		{7A0B431B-F2C9-4E67-9BF0-44ED3ECBB66A}.AppStore|x64.ActiveCfg = Debug|Any CPU
		{7A0B431B-F2C9-4E67-9BF0-44ED3ECBB66A}.AppStore|x64.Build.0 = Debug|Any CPU
		{7A0B431B-F2C9-4E67-9BF0-44ED3ECBB66A}.AppStore|x64.Deploy.0 = Debug|Any CPU
		{7A0B431B-F2C9-4E67-9BF0-44ED3ECBB66A}.AppStore|x86.ActiveCfg = Debug|Any CPU
		{7A0B431B-F2C9-4E67-9BF0-44ED3ECBB66A}.AppStore|x86.Build.0 = Debug|Any CPU
		{7A0B431B-F2C9-4E67-9BF0-44ED3ECBB66A}.AppStore|x86.Deploy.0 = Debug|Any CPU
		{7A0B431B-F2C9-4E67-9BF0-44ED3ECBB66A}.Debug|Any CPU.ActiveCfg = Debug|Any CPU
		{7A0B431B-F2C9-4E67-9BF0-44ED3ECBB66A}.Debug|Any CPU.Build.0 = Debug|Any CPU
		{7A0B431B-F2C9-4E67-9BF0-44ED3ECBB66A}.Debug|Any CPU.Deploy.0 = Debug|Any CPU
		{7A0B431B-F2C9-4E67-9BF0-44ED3ECBB66A}.Debug|ARM.ActiveCfg = Debug|Any CPU
		{7A0B431B-F2C9-4E67-9BF0-44ED3ECBB66A}.Debug|ARM.Build.0 = Debug|Any CPU
		{7A0B431B-F2C9-4E67-9BF0-44ED3ECBB66A}.Debug|ARM.Deploy.0 = Debug|Any CPU
		{7A0B431B-F2C9-4E67-9BF0-44ED3ECBB66A}.Debug|iPhone.ActiveCfg = Debug|Any CPU
		{7A0B431B-F2C9-4E67-9BF0-44ED3ECBB66A}.Debug|iPhone.Build.0 = Debug|Any CPU
		{7A0B431B-F2C9-4E67-9BF0-44ED3ECBB66A}.Debug|iPhone.Deploy.0 = Debug|Any CPU
		{7A0B431B-F2C9-4E67-9BF0-44ED3ECBB66A}.Debug|iPhoneSimulator.ActiveCfg = Debug|Any CPU
		{7A0B431B-F2C9-4E67-9BF0-44ED3ECBB66A}.Debug|iPhoneSimulator.Build.0 = Debug|Any CPU
		{7A0B431B-F2C9-4E67-9BF0-44ED3ECBB66A}.Debug|iPhoneSimulator.Deploy.0 = Debug|Any CPU
		{7A0B431B-F2C9-4E67-9BF0-44ED3ECBB66A}.Debug|x64.ActiveCfg = Debug|Any CPU
		{7A0B431B-F2C9-4E67-9BF0-44ED3ECBB66A}.Debug|x64.Build.0 = Debug|Any CPU
		{7A0B431B-F2C9-4E67-9BF0-44ED3ECBB66A}.Debug|x64.Deploy.0 = Debug|Any CPU
		{7A0B431B-F2C9-4E67-9BF0-44ED3ECBB66A}.Debug|x86.ActiveCfg = Debug|Any CPU
		{7A0B431B-F2C9-4E67-9BF0-44ED3ECBB66A}.Debug|x86.Build.0 = Debug|Any CPU
		{7A0B431B-F2C9-4E67-9BF0-44ED3ECBB66A}.Debug|x86.Deploy.0 = Debug|Any CPU
		{7A0B431B-F2C9-4E67-9BF0-44ED3ECBB66A}.Release|Any CPU.ActiveCfg = Release|Any CPU
		{7A0B431B-F2C9-4E67-9BF0-44ED3ECBB66A}.Release|Any CPU.Build.0 = Release|Any CPU
		{7A0B431B-F2C9-4E67-9BF0-44ED3ECBB66A}.Release|Any CPU.Deploy.0 = Release|Any CPU
		{7A0B431B-F2C9-4E67-9BF0-44ED3ECBB66A}.Release|ARM.ActiveCfg = Release|Any CPU
		{7A0B431B-F2C9-4E67-9BF0-44ED3ECBB66A}.Release|ARM.Build.0 = Release|Any CPU
		{7A0B431B-F2C9-4E67-9BF0-44ED3ECBB66A}.Release|ARM.Deploy.0 = Release|Any CPU
		{7A0B431B-F2C9-4E67-9BF0-44ED3ECBB66A}.Release|iPhone.ActiveCfg = Release|Any CPU
		{7A0B431B-F2C9-4E67-9BF0-44ED3ECBB66A}.Release|iPhone.Build.0 = Release|Any CPU
		{7A0B431B-F2C9-4E67-9BF0-44ED3ECBB66A}.Release|iPhone.Deploy.0 = Release|Any CPU
		{7A0B431B-F2C9-4E67-9BF0-44ED3ECBB66A}.Release|iPhoneSimulator.ActiveCfg = Release|Any CPU
		{7A0B431B-F2C9-4E67-9BF0-44ED3ECBB66A}.Release|iPhoneSimulator.Build.0 = Release|Any CPU
		{7A0B431B-F2C9-4E67-9BF0-44ED3ECBB66A}.Release|iPhoneSimulator.Deploy.0 = Release|Any CPU
		{7A0B431B-F2C9-4E67-9BF0-44ED3ECBB66A}.Release|x64.ActiveCfg = Release|Any CPU
		{7A0B431B-F2C9-4E67-9BF0-44ED3ECBB66A}.Release|x64.Build.0 = Release|Any CPU
		{7A0B431B-F2C9-4E67-9BF0-44ED3ECBB66A}.Release|x64.Deploy.0 = Release|Any CPU
		{7A0B431B-F2C9-4E67-9BF0-44ED3ECBB66A}.Release|x86.ActiveCfg = Release|Any CPU
		{7A0B431B-F2C9-4E67-9BF0-44ED3ECBB66A}.Release|x86.Build.0 = Release|Any CPU
		{7A0B431B-F2C9-4E67-9BF0-44ED3ECBB66A}.Release|x86.Deploy.0 = Release|Any CPU
	EndGlobalSection
	GlobalSection(SolutionProperties) = preSolution
		HideSolutionNode = FALSE
	EndGlobalSection
	GlobalSection(ExtensibilityGlobals) = postSolution
		SolutionGuid = {C363B412-80DD-430B-8AC8-5BBD801B7E31}
	EndGlobalSection
EndGlobal
